
Microsoft Visual Studio Solution File, Format Version 12.00
# Visual Studio Version 16
VisualStudioVersion = 16.0.31424.327
MinimumVisualStudioVersion = 10.0.40219.1
Project("{FAE04EC0-301F-11D3-BF4B-00C04F79EFBC}") = "BackEndCodingExercise", "BackEndCodingExercise.csproj", "{C31F6BA0-88BA-4A40-B370-963719B37397}"
EndProject
Project("{FAE04EC0-301F-11D3-BF4B-00C04F79EFBC}") = "BackEndCodingExercise.Data", "..\BackEndCodingExercise.Data\BackEndCodingExercise.Data.csproj", "{134D427D-2E54-4132-BF04-1AF2DADD3BCC}"
EndProject
Project("{FAE04EC0-301F-11D3-BF4B-00C04F79EFBC}") = "BackEndCodingExercise.Service", "..\BackEndCodingExercise.Service\BackEndCodingExercise.Service.csproj", "{E7502B6B-A11F-402F-9BAA-D5521A21162E}"
EndProject
Global
	GlobalSection(SolutionConfigurationPlatforms) = preSolution
		Debug|Any CPU = Debug|Any CPU
		Release|Any CPU = Release|Any CPU
	EndGlobalSection
	GlobalSection(ProjectConfigurationPlatforms) = postSolution
		{C31F6BA0-88BA-4A40-B370-963719B37397}.Debug|Any CPU.ActiveCfg = Debug|Any CPU
		{C31F6BA0-88BA-4A40-B370-963719B37397}.Debug|Any CPU.Build.0 = Debug|Any CPU
		{C31F6BA0-88BA-4A40-B370-963719B37397}.Release|Any CPU.ActiveCfg = Release|Any CPU
		{C31F6BA0-88BA-4A40-B370-963719B37397}.Release|Any CPU.Build.0 = Release|Any CPU
		{134D427D-2E54-4132-BF04-1AF2DADD3BCC}.Debug|Any CPU.ActiveCfg = Debug|Any CPU
		{134D427D-2E54-4132-BF04-1AF2DADD3BCC}.Debug|Any CPU.Build.0 = Debug|Any CPU
		{134D427D-2E54-4132-BF04-1AF2DADD3BCC}.Release|Any CPU.ActiveCfg = Release|Any CPU
		{134D427D-2E54-4132-BF04-1AF2DADD3BCC}.Release|Any CPU.Build.0 = Release|Any CPU
		{E7502B6B-A11F-402F-9BAA-D5521A21162E}.Debug|Any CPU.ActiveCfg = Debug|Any CPU
		{E7502B6B-A11F-402F-9BAA-D5521A21162E}.Debug|Any CPU.Build.0 = Debug|Any CPU
		{E7502B6B-A11F-402F-9BAA-D5521A21162E}.Release|Any CPU.ActiveCfg = Release|Any CPU
		{E7502B6B-A11F-402F-9BAA-D5521A21162E}.Release|Any CPU.Build.0 = Release|Any CPU
	EndGlobalSection
	GlobalSection(SolutionProperties) = preSolution
		HideSolutionNode = FALSE
	EndGlobalSection
	GlobalSection(ExtensibilityGlobals) = postSolution
		SolutionGuid = {1EB819CF-F41A-435B-AF38-EBA59EC27A29}
	EndGlobalSection
EndGlobal
